# THIS IS AN AUTOGENERATED FILE. DO NOT EDIT THIS FILE DIRECTLY.
# yarn lockfile v1


"@apollographql/graphql-playground-html@^1.6.0":
  version "1.6.0"
  resolved "https://registry.npmjs.org/@apollographql/graphql-playground-html/-/graphql-playground-html-1.6.0.tgz#15e1a042b97d6834e6d70b17cc73e1514fde9027"

"@babel/runtime@^7.0.0-beta.40":
  version "7.0.0-beta.55"
  resolved "https://registry.npmjs.org/@babel/runtime/-/runtime-7.0.0-beta.55.tgz#0bc33aa5a6ac0b012f37e25b9e6aaa2e489a916b"
  dependencies:
    core-js "^2.5.7"
    regenerator-runtime "^0.12.0"

"@protobufjs/aspromise@^1.1.1", "@protobufjs/aspromise@^1.1.2":
  version "1.1.2"
  resolved "https://registry.npmjs.org/@protobufjs/aspromise/-/aspromise-1.1.2.tgz#9b8b0cc663d669a7d8f6f5d0893a14d348f30fbf"

"@protobufjs/base64@^1.1.2":
  version "1.1.2"
  resolved "https://registry.npmjs.org/@protobufjs/base64/-/base64-1.1.2.tgz#4c85730e59b9a1f1f349047dbf24296034bb2735"

"@protobufjs/codegen@^2.0.4":
  version "2.0.4"
  resolved "https://registry.npmjs.org/@protobufjs/codegen/-/codegen-2.0.4.tgz#7ef37f0d010fb028ad1ad59722e506d9262815cb"

"@protobufjs/eventemitter@^1.1.0":
  version "1.1.0"
  resolved "https://registry.npmjs.org/@protobufjs/eventemitter/-/eventemitter-1.1.0.tgz#355cbc98bafad5978f9ed095f397621f1d066b70"

"@protobufjs/fetch@^1.1.0":
  version "1.1.0"
  resolved "https://registry.npmjs.org/@protobufjs/fetch/-/fetch-1.1.0.tgz#ba99fb598614af65700c1619ff06d454b0d84c45"
  dependencies:
    "@protobufjs/aspromise" "^1.1.1"
    "@protobufjs/inquire" "^1.1.0"

"@protobufjs/float@^1.0.2":
  version "1.0.2"
  resolved "https://registry.npmjs.org/@protobufjs/float/-/float-1.0.2.tgz#5e9e1abdcb73fc0a7cb8b291df78c8cbd97b87d1"

"@protobufjs/inquire@^1.1.0":
  version "1.1.0"
  resolved "https://registry.npmjs.org/@protobufjs/inquire/-/inquire-1.1.0.tgz#ff200e3e7cf2429e2dcafc1140828e8cc638f089"

"@protobufjs/path@^1.1.2":
  version "1.1.2"
  resolved "https://registry.npmjs.org/@protobufjs/path/-/path-1.1.2.tgz#6cc2b20c5c9ad6ad0dccfd21ca7673d8d7fbf68d"

"@protobufjs/pool@^1.1.0":
  version "1.1.0"
  resolved "https://registry.npmjs.org/@protobufjs/pool/-/pool-1.1.0.tgz#09fd15f2d6d3abfa9b65bc366506d6ad7846ff54"

"@protobufjs/utf8@^1.1.0":
  version "1.1.0"
  resolved "https://registry.npmjs.org/@protobufjs/utf8/-/utf8-1.1.0.tgz#a777360b5b39a1a2e5106f8e858f2fd2d060c570"

"@types/accepts@*", "@types/accepts@^1.3.5":
  version "1.3.5"
  resolved "https://registry.npmjs.org/@types/accepts/-/accepts-1.3.5.tgz#c34bec115cfc746e04fe5a059df4ce7e7b391575"
  dependencies:
    "@types/node" "*"

"@types/body-parser@*", "@types/body-parser@1.17.0":
  version "1.17.0"
  resolved "https://registry.npmjs.org/@types/body-parser/-/body-parser-1.17.0.tgz#9f5c9d9bd04bb54be32d5eb9fc0d8c974e6cf58c"
  dependencies:
    "@types/connect" "*"
    "@types/node" "*"

"@types/bunyan@*":
  version "1.8.4"
  resolved "https://registry.npmjs.org/@types/bunyan/-/bunyan-1.8.4.tgz#69c11adc7b50538d45fb68d9ae39d062b9432f38"
  dependencies:
    "@types/events" "*"
    "@types/node" "*"

"@types/connect@*", "@types/connect@^3.4.31":
  version "3.4.32"
  resolved "https://registry.npmjs.org/@types/connect/-/connect-3.4.32.tgz#aa0e9616b9435ccad02bc52b5b454ffc2c70ba28"
  dependencies:
    "@types/node" "*"

"@types/cookies@*":
  version "0.7.1"
  resolved "https://registry.npmjs.org/@types/cookies/-/cookies-0.7.1.tgz#f9f204bd6767d389eea3b87609e30c090c77a540"
  dependencies:
    "@types/connect" "*"
    "@types/express" "*"
    "@types/keygrip" "*"
    "@types/node" "*"

"@types/cors@^2.8.4":
  version "2.8.4"
  resolved "https://registry.npmjs.org/@types/cors/-/cors-2.8.4.tgz#50991a759a29c0b89492751008c6af7a7c8267b0"
  dependencies:
    "@types/express" "*"

"@types/events@*":
  version "1.2.0"
  resolved "https://registry.npmjs.org/@types/events/-/events-1.2.0.tgz#81a6731ce4df43619e5c8c945383b3e62a89ea86"

"@types/express-serve-static-core@*":
  version "4.16.0"
  resolved "https://registry.npmjs.org/@types/express-serve-static-core/-/express-serve-static-core-4.16.0.tgz#fdfe777594ddc1fe8eb8eccce52e261b496e43e7"
  dependencies:
    "@types/events" "*"
    "@types/node" "*"
    "@types/range-parser" "*"

"@types/express@*", "@types/express@4.16.0", "@types/express@^4.0.36":
  version "4.16.0"
  resolved "https://registry.npmjs.org/@types/express/-/express-4.16.0.tgz#6d8bc42ccaa6f35cf29a2b7c3333cb47b5a32a19"
  dependencies:
    "@types/body-parser" "*"
    "@types/express-serve-static-core" "*"
    "@types/serve-static" "*"

"@types/graphql@0.12.6":
  version "0.12.6"
  resolved "https://registry.npmjs.org/@types/graphql/-/graphql-0.12.6.tgz#3d619198585fcabe5f4e1adfb5cf5f3388c66c13"

"@types/http-assert@*":
  version "1.3.0"
  resolved "https://registry.npmjs.org/@types/http-assert/-/http-assert-1.3.0.tgz#5e932606153da28e1d04f9043f4912cf61fd55dd"

"@types/keygrip@*":
  version "1.0.1"
  resolved "https://registry.npmjs.org/@types/keygrip/-/keygrip-1.0.1.tgz#ff540462d2fb4d0a88441ceaf27d287b01c3d878"

"@types/koa-bodyparser@^4.2.0":
  version "4.2.0"
  resolved "https://registry.npmjs.org/@types/koa-bodyparser/-/koa-bodyparser-4.2.0.tgz#04febc567f3d3dd40e3d1a0e095cdf7b07c4d7ce"
  dependencies:
    "@types/koa" "*"

"@types/koa-compose@*":
  version "3.2.2"
  resolved "https://registry.npmjs.org/@types/koa-compose/-/koa-compose-3.2.2.tgz#dc106e000bbf92a3ac900f756df47344887ee847"

"@types/koa-router@^7.0.27":
  version "7.0.31"
  resolved "https://registry.npmjs.org/@types/koa-router/-/koa-router-7.0.31.tgz#afe279634cca7b4536be38cf641f35f58a4bc5ee"
  dependencies:
    "@types/koa" "*"

"@types/koa@*", "@types/koa@^2.0.39":
  version "2.0.46"
  resolved "https://registry.npmjs.org/@types/koa/-/koa-2.0.46.tgz#24bc3cd405d10fcde81f876cd8285b44d4ddc3e9"
  dependencies:
    "@types/accepts" "*"
    "@types/cookies" "*"
    "@types/events" "*"
    "@types/http-assert" "*"
    "@types/keygrip" "*"
    "@types/koa-compose" "*"
    "@types/node" "*"

"@types/long@^4.0.0":
  version "4.0.0"
  resolved "https://registry.npmjs.org/@types/long/-/long-4.0.0.tgz#719551d2352d301ac8b81db732acb6bdc28dbdef"

"@types/mime@*":
  version "2.0.0"
  resolved "https://registry.npmjs.org/@types/mime/-/mime-2.0.0.tgz#5a7306e367c539b9f6543499de8dd519fac37a8b"

"@types/node@*":
  version "10.5.4"
  resolved "https://registry.npmjs.org/@types/node/-/node-10.5.4.tgz#6eccc158504357d1da91434d75e86acde94bb10b"

"@types/node@^10.1.0":
  version "10.5.5"
  resolved "https://registry.npmjs.org/@types/node/-/node-10.5.5.tgz#8e84d24e896cd77b0d4f73df274027e3149ec2ba"

"@types/range-parser@*":
  version "1.2.2"
  resolved "https://registry.npmjs.org/@types/range-parser/-/range-parser-1.2.2.tgz#fa8e1ad1d474688a757140c91de6dace6f4abc8d"

"@types/restify@^5.0.7":
  version "5.0.9"
  resolved "https://registry.npmjs.org/@types/restify/-/restify-5.0.9.tgz#95bf30b0fd7b92329a695bbd60feae019f3e31fd"
  dependencies:
    "@types/bunyan" "*"
    "@types/node" "*"
    "@types/spdy" "*"

"@types/serve-static@*":
  version "1.13.2"
  resolved "https://registry.npmjs.org/@types/serve-static/-/serve-static-1.13.2.tgz#f5ac4d7a6420a99a6a45af4719f4dcd8cd907a48"
  dependencies:
    "@types/express-serve-static-core" "*"
    "@types/mime" "*"

"@types/spdy@*":
  version "3.4.4"
  resolved "https://registry.npmjs.org/@types/spdy/-/spdy-3.4.4.tgz#3282fd4ad8c4603aa49f7017dd520a08a345b2bc"
  dependencies:
    "@types/node" "*"

"@types/ws@^5.1.2":
  version "5.1.2"
  resolved "https://registry.npmjs.org/@types/ws/-/ws-5.1.2.tgz#f02d3b1cd46db7686734f3ce83bdf46c49decd64"
  dependencies:
    "@types/events" "*"
    "@types/node" "*"

accepts@^1.3.5:
  version "1.3.5"
  resolved "https://registry.npmjs.org/accepts/-/accepts-1.3.5.tgz#eb777df6011723a3b14e8a72c0805c8e86746bd2"
  dependencies:
    mime-types "~2.1.18"
    negotiator "0.6.1"

apollo-cache-control@0.2.0:
  version "0.2.0"
  resolved "https://registry.npmjs.org/apollo-cache-control/-/apollo-cache-control-0.2.0.tgz#266df191047d99b957cc78167f4843fd66c39117"
  dependencies:
    apollo-server-env "2.0.0"
    graphql-extensions "0.1.0"

apollo-datasource@0.1.0:
  version "0.1.0"
  resolved "https://registry.npmjs.org/apollo-datasource/-/apollo-datasource-0.1.0.tgz#32f72fc4676858c2b656f48413411f86a9814b38"
  dependencies:
    apollo-server-caching "0.1.0"
    apollo-server-env "2.0.0"

apollo-engine-binary-darwin@0.2018.6-20-gc0e4bb519:
  version "0.2018.6-20-gc0e4bb519"
  resolved "https://registry.npmjs.org/apollo-engine-binary-darwin/-/apollo-engine-binary-darwin-0.2018.6-20-gc0e4bb519.tgz#1458cf9af9adff1248730b9e7ea3408a778ff20e"

apollo-engine-binary-linux@0.2018.6-20-gc0e4bb519:
  version "0.2018.6-20-gc0e4bb519"
  resolved "https://registry.npmjs.org/apollo-engine-binary-linux/-/apollo-engine-binary-linux-0.2018.6-20-gc0e4bb519.tgz#0f61d7e7888a58d8723516d1dc44d4c8a6688df2"

apollo-engine-binary-windows@0.2018.6-20-gc0e4bb519:
  version "0.2018.6-20-gc0e4bb519"
  resolved "https://registry.npmjs.org/apollo-engine-binary-windows/-/apollo-engine-binary-windows-0.2018.6-20-gc0e4bb519.tgz#288c718a730f2a1f8bb0aae9fff3e6da23c1f00f"

apollo-engine-reporting-protobuf@0.0.0-beta.7:
  version "0.0.0-beta.7"
  resolved "https://registry.npmjs.org/apollo-engine-reporting-protobuf/-/apollo-engine-reporting-protobuf-0.0.0-beta.7.tgz#aa8595633015e479211c8bc638c209a716a06e32"
  dependencies:
    protobufjs "^6.8.6"

apollo-engine-reporting@0.0.0:
  version "0.0.0"
  resolved "https://registry.npmjs.org/apollo-engine-reporting/-/apollo-engine-reporting-0.0.0.tgz#039bdc5bfb6c22b2e3ae9ad715aa3c391e329a32"
  dependencies:
    apollo-engine-reporting-protobuf "0.0.0-beta.7"
    apollo-server-env "2.0.0"
    async-retry "^1.2.1"
    graphql-extensions "0.1.0"
    lodash "^4.17.10"

apollo-engine@1.1.2:
  version "1.1.2"
  resolved "https://registry.npmjs.org/apollo-engine/-/apollo-engine-1.1.2.tgz#ef8465fe5234b3bfe034b7e96d37bc441b72a9cb"
  dependencies:
    "@types/connect" "^3.4.31"
    "@types/express" "^4.0.36"
    "@types/koa" "^2.0.39"
    "@types/koa-bodyparser" "^4.2.0"
    "@types/koa-router" "^7.0.27"
    "@types/restify" "^5.0.7"
  optionalDependencies:
    apollo-engine-binary-darwin "0.2018.6-20-gc0e4bb519"
    apollo-engine-binary-linux "0.2018.6-20-gc0e4bb519"
    apollo-engine-binary-windows "0.2018.6-20-gc0e4bb519"

apollo-link@1.2.2:
  version "1.2.2"
  resolved "https://registry.npmjs.org/apollo-link/-/apollo-link-1.2.2.tgz#54c84199b18ac1af8d63553a68ca389c05217a03"
  dependencies:
    "@types/graphql" "0.12.6"
    apollo-utilities "^1.0.0"
    zen-observable-ts "^0.8.9"

apollo-server-caching@0.1.0:
  version "0.1.0"
  resolved "https://registry.npmjs.org/apollo-server-caching/-/apollo-server-caching-0.1.0.tgz#8f52b20afca4a94d8895da6528ecd5ff56074db3"
  dependencies:
    lru-cache "^4.1.3"

apollo-server-core@2.0.0:
  version "2.0.0"
  resolved "https://registry.npmjs.org/apollo-server-core/-/apollo-server-core-2.0.0.tgz#93770410d51294130a9dbcef7667dc74056c6c98"
  dependencies:
    "@types/ws" "^5.1.2"
    apollo-cache-control "0.2.0"
    apollo-datasource "0.1.0"
    apollo-engine-reporting "0.0.0"
    apollo-server-caching "0.1.0"
    apollo-server-env "2.0.0"
    apollo-server-errors "2.0.0"
    apollo-tracing "0.2.0"
    apollo-upload-server "^5.0.0"
    graphql-extensions "0.1.0"
    graphql-subscriptions "^0.5.8"
    graphql-tag "^2.9.2"
    graphql-tools "^3.0.4"
    hash.js "^1.1.3"
    lodash "^4.17.10"
    subscriptions-transport-ws "^0.9.11"
    ws "^5.2.0"

apollo-server-env@2.0.0:
  version "2.0.0"
  resolved "https://registry.npmjs.org/apollo-server-env/-/apollo-server-env-2.0.0.tgz#0e3963512fe986e1a0fac79124afa0d0796df0cc"
  dependencies:
    node-fetch "^2.1.2"
    util.promisify "^1.0.0"

apollo-server-errors@2.0.0:
  version "2.0.0"
  resolved "https://registry.npmjs.org/apollo-server-errors/-/apollo-server-errors-2.0.0.tgz#f39d1260293b70611bdd3923d47dcdeb32918ce5"

apollo-server-express@2.0.0:
  version "2.0.0"
  resolved "https://registry.npmjs.org/apollo-server-express/-/apollo-server-express-2.0.0.tgz#6aa31a4cb5daed645e76d231107fe9cfb44950ef"
  dependencies:
    "@apollographql/graphql-playground-html" "^1.6.0"
    "@types/accepts" "^1.3.5"
    "@types/body-parser" "1.17.0"
    "@types/cors" "^2.8.4"
    "@types/express" "4.16.0"
    accepts "^1.3.5"
    apollo-server-core "2.0.0"
    apollo-upload-server "^5.0.0"
    body-parser "^1.18.3"
    cors "^2.8.4"
    graphql-subscriptions "^0.5.8"
    graphql-tools "^3.0.4"
    type-is "^1.6.16"

apollo-tracing@0.2.0:
  version "0.2.0"
  resolved "https://registry.npmjs.org/apollo-tracing/-/apollo-tracing-0.2.0.tgz#25c0d54a355f254af88bc45662c8c98e25cde141"
  dependencies:
    apollo-server-env "2.0.0"
    graphql-extensions "0.1.0-beta.0"

apollo-upload-server@^5.0.0:
  version "5.0.0"
  resolved "https://registry.npmjs.org/apollo-upload-server/-/apollo-upload-server-5.0.0.tgz#c953b523608313966e0c8444637f4ae8ef77d5bc"
  dependencies:
    "@babel/runtime" "^7.0.0-beta.40"
    busboy "^0.2.14"
    object-path "^0.11.4"

apollo-utilities@^1.0.0, apollo-utilities@^1.0.1:
  version "1.0.17"
  resolved "https://registry.npmjs.org/apollo-utilities/-/apollo-utilities-1.0.17.tgz#04cd22db5c5dba8dbd349e28b0d9f9f525ab8e8a"
  dependencies:
    fast-json-stable-stringify "^2.0.0"

async-limiter@~1.0.0:
  version "1.0.0"
  resolved "https://registry.npmjs.org/async-limiter/-/async-limiter-1.0.0.tgz#78faed8c3d074ab81f22b4e985d79e8738f720f8"

async-retry@^1.2.1:
  version "1.2.1"
  resolved "https://registry.npmjs.org/async-retry/-/async-retry-1.2.1.tgz#308c6c4e1d91e63397a4676290334ae9bda7bcb1"
  dependencies:
    retry "0.10.1"

backo2@^1.0.2:
  version "1.0.2"
  resolved "https://registry.npmjs.org/backo2/-/backo2-1.0.2.tgz#31ab1ac8b129363463e35b3ebb69f4dfcfba7947"

body-parser@^1.18.3:
  version "1.18.3"
  resolved "https://registry.npmjs.org/body-parser/-/body-parser-1.18.3.tgz#5b292198ffdd553b3a0f20ded0592b956955c8b4"
  dependencies:
    bytes "3.0.0"
    content-type "~1.0.4"
    debug "2.6.9"
    depd "~1.1.2"
    http-errors "~1.6.3"
    iconv-lite "0.4.23"
    on-finished "~2.3.0"
    qs "6.5.2"
    raw-body "2.3.3"
    type-is "~1.6.16"

buffer-from@^1.0.0:
  version "1.1.1"
  resolved "https://registry.npmjs.org/buffer-from/-/buffer-from-1.1.1.tgz#32713bc028f75c02fdb710d7c7bcec1f2c6070ef"

busboy@^0.2.14:
  version "0.2.14"
  resolved "https://registry.npmjs.org/busboy/-/busboy-0.2.14.tgz#6c2a622efcf47c57bbbe1e2a9c37ad36c7925453"
  dependencies:
    dicer "0.2.5"
    readable-stream "1.1.x"

bytes@3.0.0:
  version "3.0.0"
  resolved "https://registry.npmjs.org/bytes/-/bytes-3.0.0.tgz#d32815404d689699f85a4ea4fa8755dd13a96048"

content-type@~1.0.4:
  version "1.0.4"
  resolved "https://registry.npmjs.org/content-type/-/content-type-1.0.4.tgz#e138cc75e040c727b1966fe5e5f8c9aee256fe3b"

core-js@^2.5.3, core-js@^2.5.7:
  version "2.5.7"
  resolved "https://registry.npmjs.org/core-js/-/core-js-2.5.7.tgz#f972608ff0cead68b841a16a932d0b183791814e"

core-util-is@~1.0.0:
  version "1.0.2"
  resolved "https://registry.npmjs.org/core-util-is/-/core-util-is-1.0.2.tgz#b5fd54220aa2bc5ab57aab7140c940754503c1a7"

cors@^2.8.4:
  version "2.8.4"
  resolved "https://registry.npmjs.org/cors/-/cors-2.8.4.tgz#2bd381f2eb201020105cd50ea59da63090694686"
  dependencies:
    object-assign "^4"
    vary "^1"

debug@2.6.9:
  version "2.6.9"
  resolved "https://registry.npmjs.org/debug/-/debug-2.6.9.tgz#5d128515df134ff327e90a4c93f4e077a536341f"
  dependencies:
    ms "2.0.0"

define-properties@^1.1.2:
  version "1.1.2"
  resolved "https://registry.npmjs.org/define-properties/-/define-properties-1.1.2.tgz#83a73f2fea569898fb737193c8f873caf6d45c94"
  dependencies:
    foreach "^2.0.5"
    object-keys "^1.0.8"

depd@~1.1.2:
  version "1.1.2"
  resolved "https://registry.npmjs.org/depd/-/depd-1.1.2.tgz#9bcd52e14c097763e749b274c4346ed2e560b5a9"

deprecated-decorator@^0.1.6:
  version "0.1.6"
  resolved "https://registry.npmjs.org/deprecated-decorator/-/deprecated-decorator-0.1.6.tgz#00966317b7a12fe92f3cc831f7583af329b86c37"

dicer@0.2.5:
  version "0.2.5"
  resolved "https://registry.npmjs.org/dicer/-/dicer-0.2.5.tgz#5996c086bb33218c812c090bddc09cd12facb70f"
  dependencies:
    readable-stream "1.1.x"
    streamsearch "0.1.2"

dotenv@^5.0.1:
  version "5.0.1"
  resolved "https://registry.npmjs.org/dotenv/-/dotenv-5.0.1.tgz#a5317459bd3d79ab88cff6e44057a6a3fbb1fcef"

ee-first@1.1.1:
  version "1.1.1"
  resolved "https://registry.npmjs.org/ee-first/-/ee-first-1.1.1.tgz#590c61156b0ae2f4f0255732a158b266bc56b21d"

es-abstract@^1.5.1:
  version "1.12.0"
  resolved "https://registry.npmjs.org/es-abstract/-/es-abstract-1.12.0.tgz#9dbbdd27c6856f0001421ca18782d786bf8a6165"
  dependencies:
    es-to-primitive "^1.1.1"
    function-bind "^1.1.1"
    has "^1.0.1"
    is-callable "^1.1.3"
    is-regex "^1.0.4"

es-to-primitive@^1.1.1:
  version "1.1.1"
  resolved "https://registry.npmjs.org/es-to-primitive/-/es-to-primitive-1.1.1.tgz#45355248a88979034b6792e19bb81f2b7975dd0d"
  dependencies:
    is-callable "^1.1.1"
    is-date-object "^1.0.1"
    is-symbol "^1.0.1"

eventemitter3@^3.1.0:
  version "3.1.0"
  resolved "https://registry.npmjs.org/eventemitter3/-/eventemitter3-3.1.0.tgz#090b4d6cdbd645ed10bf750d4b5407942d7ba163"

fast-json-stable-stringify@^2.0.0:
  version "2.0.0"
  resolved "https://registry.npmjs.org/fast-json-stable-stringify/-/fast-json-stable-stringify-2.0.0.tgz#d5142c0caee6b1189f87d3a76111064f86c8bbf2"

foreach@^2.0.5:
  version "2.0.5"
  resolved "https://registry.npmjs.org/foreach/-/foreach-2.0.5.tgz#0bee005018aeb260d0a3af3ae658dd0136ec1b99"

function-bind@^1.1.1:
  version "1.1.1"
  resolved "https://registry.npmjs.org/function-bind/-/function-bind-1.1.1.tgz#a56899d3ea3c9bab874bb9773b7c5ede92f4895d"

graphql-extensions@0.1.0:
  version "0.1.0"
  resolved "https://registry.npmjs.org/graphql-extensions/-/graphql-extensions-0.1.0.tgz#1818dd9bcb3e9e07a08a4401f52bac5e5db082f6"
  dependencies:
    apollo-server-env "2.0.0"

graphql-extensions@0.1.0-beta.0:
  version "0.1.0-beta.0"
  resolved "https://registry.npmjs.org/graphql-extensions/-/graphql-extensions-0.1.0-beta.0.tgz#2c05692a1e403274c8e3c6c1e0793d701cbdb1ab"
  dependencies:
    core-js "^2.5.3"
    source-map-support "^0.5.1"

graphql-subscriptions@^0.5.8:
  version "0.5.8"
  resolved "https://registry.npmjs.org/graphql-subscriptions/-/graphql-subscriptions-0.5.8.tgz#13a6143c546bce390404657dc73ca501def30aa7"
  dependencies:
    iterall "^1.2.1"

graphql-tag@^2.9.2:
  version "2.9.2"
  resolved "https://registry.npmjs.org/graphql-tag/-/graphql-tag-2.9.2.tgz#2f60a5a981375f430bf1e6e95992427dc18af686"

graphql-tools@^3.0.4:
  version "3.0.5"
  resolved "https://registry.npmjs.org/graphql-tools/-/graphql-tools-3.0.5.tgz#544542dbf2fddc8c3d7d654965285a3bc747b10b"
  dependencies:
    apollo-link "1.2.2"
    apollo-utilities "^1.0.1"
    deprecated-decorator "^0.1.6"
    iterall "^1.1.3"
    uuid "^3.1.0"

has@^1.0.1:
  version "1.0.3"
  resolved "https://registry.npmjs.org/has/-/has-1.0.3.tgz#722d7cbfc1f6aa8241f16dd814e011e1f41e8796"
  dependencies:
    function-bind "^1.1.1"

hash.js@^1.1.3:
  version "1.1.5"
  resolved "https://registry.npmjs.org/hash.js/-/hash.js-1.1.5.tgz#e38ab4b85dfb1e0c40fe9265c0e9b54854c23812"
  dependencies:
    inherits "^2.0.3"
    minimalistic-assert "^1.0.1"

http-errors@1.6.3, http-errors@~1.6.3:
  version "1.6.3"
  resolved "https://registry.npmjs.org/http-errors/-/http-errors-1.6.3.tgz#8b55680bb4be283a0b5bf4ea2e38580be1d9320d"
  dependencies:
    depd "~1.1.2"
    inherits "2.0.3"
    setprototypeof "1.1.0"
    statuses ">= 1.4.0 < 2"

iconv-lite@0.4.23:
  version "0.4.23"
  resolved "https://registry.npmjs.org/iconv-lite/-/iconv-lite-0.4.23.tgz#297871f63be507adcfbfca715d0cd0eed84e9a63"
  dependencies:
    safer-buffer ">= 2.1.2 < 3"

inherits@2.0.3, inherits@^2.0.3, inherits@~2.0.1:
  version "2.0.3"
  resolved "https://registry.npmjs.org/inherits/-/inherits-2.0.3.tgz#633c2c83e3da42a502f52466022480f4208261de"

is-callable@^1.1.1, is-callable@^1.1.3:
  version "1.1.4"
  resolved "https://registry.npmjs.org/is-callable/-/is-callable-1.1.4.tgz#1e1adf219e1eeb684d691f9d6a05ff0d30a24d75"

is-date-object@^1.0.1:
  version "1.0.1"
  resolved "https://registry.npmjs.org/is-date-object/-/is-date-object-1.0.1.tgz#9aa20eb6aeebbff77fbd33e74ca01b33581d3a16"

is-regex@^1.0.4:
  version "1.0.4"
  resolved "https://registry.npmjs.org/is-regex/-/is-regex-1.0.4.tgz#5517489b547091b0930e095654ced25ee97e9491"
  dependencies:
    has "^1.0.1"

is-symbol@^1.0.1:
  version "1.0.1"
  resolved "https://registry.npmjs.org/is-symbol/-/is-symbol-1.0.1.tgz#3cc59f00025194b6ab2e38dbae6689256b660572"

isarray@0.0.1:
  version "0.0.1"
  resolved "https://registry.npmjs.org/isarray/-/isarray-0.0.1.tgz#8a18acfca9a8f4177e09abfc6038939b05d1eedf"

iterall@^1.1.3, iterall@^1.2.1:
  version "1.2.2"
  resolved "https://registry.npmjs.org/iterall/-/iterall-1.2.2.tgz#92d70deb8028e0c39ff3164fdbf4d8b088130cd7"

lodash@^4.17.10:
  version "4.17.10"
  resolved "https://registry.npmjs.org/lodash/-/lodash-4.17.10.tgz#1b7793cf7259ea38fb3661d4d38b3260af8ae4e7"

long@^4.0.0:
  version "4.0.0"
  resolved "https://registry.npmjs.org/long/-/long-4.0.0.tgz#9a7b71cfb7d361a194ea555241c92f7468d5bf28"

lru-cache@^4.1.3:
  version "4.1.3"
  resolved "https://registry.npmjs.org/lru-cache/-/lru-cache-4.1.3.tgz#a1175cf3496dfc8436c156c334b4955992bce69c"
  dependencies:
    pseudomap "^1.0.2"
    yallist "^2.1.2"

media-typer@0.3.0:
  version "0.3.0"
  resolved "https://registry.npmjs.org/media-typer/-/media-typer-0.3.0.tgz#8710d7af0aa626f8fffa1ce00168545263255748"

mime-db@~1.35.0:
  version "1.35.0"
  resolved "https://registry.npmjs.org/mime-db/-/mime-db-1.35.0.tgz#0569d657466491283709663ad379a99b90d9ab47"

mime-types@~2.1.18:
  version "2.1.19"
  resolved "https://registry.npmjs.org/mime-types/-/mime-types-2.1.19.tgz#71e464537a7ef81c15f2db9d97e913fc0ff606f0"
  dependencies:
    mime-db "~1.35.0"

minimalistic-assert@^1.0.1:
  version "1.0.1"
  resolved "https://registry.npmjs.org/minimalistic-assert/-/minimalistic-assert-1.0.1.tgz#2e194de044626d4a10e7f7fbc00ce73e83e4d5c7"

ms@2.0.0:
  version "2.0.0"
  resolved "https://registry.npmjs.org/ms/-/ms-2.0.0.tgz#5608aeadfc00be6c2901df5f9861788de0d597c8"

negotiator@0.6.1:
  version "0.6.1"
  resolved "https://registry.npmjs.org/negotiator/-/negotiator-0.6.1.tgz#2b327184e8992101177b28563fb5e7102acd0ca9"

node-fetch@^2.1.2:
  version "2.2.0"
  resolved "https://registry.npmjs.org/node-fetch/-/node-fetch-2.2.0.tgz#4ee79bde909262f9775f731e3656d0db55ced5b5"

object-assign@^4:
  version "4.1.1"
  resolved "https://registry.npmjs.org/object-assign/-/object-assign-4.1.1.tgz#2109adc7965887cfc05cbbd442cac8bfbb360863"

object-keys@^1.0.8:
  version "1.0.12"
  resolved "https://registry.npmjs.org/object-keys/-/object-keys-1.0.12.tgz#09c53855377575310cca62f55bb334abff7b3ed2"

object-path@^0.11.4:
  version "0.11.4"
  resolved "https://registry.npmjs.org/object-path/-/object-path-0.11.4.tgz#370ae752fbf37de3ea70a861c23bba8915691949"

object.getownpropertydescriptors@^2.0.3:
  version "2.0.3"
  resolved "https://registry.npmjs.org/object.getownpropertydescriptors/-/object.getownpropertydescriptors-2.0.3.tgz#8758c846f5b407adab0f236e0986f14b051caa16"
  dependencies:
    define-properties "^1.1.2"
    es-abstract "^1.5.1"

on-finished@~2.3.0:
  version "2.3.0"
  resolved "https://registry.npmjs.org/on-finished/-/on-finished-2.3.0.tgz#20f1336481b083cd75337992a16971aa2d906947"
  dependencies:
    ee-first "1.1.1"

protobufjs@^6.8.6:
  version "6.8.8"
  resolved "https://registry.npmjs.org/protobufjs/-/protobufjs-6.8.8.tgz#c8b4f1282fd7a90e6f5b109ed11c84af82908e7c"
  dependencies:
    "@protobufjs/aspromise" "^1.1.2"
    "@protobufjs/base64" "^1.1.2"
    "@protobufjs/codegen" "^2.0.4"
    "@protobufjs/eventemitter" "^1.1.0"
    "@protobufjs/fetch" "^1.1.0"
    "@protobufjs/float" "^1.0.2"
    "@protobufjs/inquire" "^1.1.0"
    "@protobufjs/path" "^1.1.2"
    "@protobufjs/pool" "^1.1.0"
    "@protobufjs/utf8" "^1.1.0"
    "@types/long" "^4.0.0"
    "@types/node" "^10.1.0"
    long "^4.0.0"

pseudomap@^1.0.2:
  version "1.0.2"
  resolved "https://registry.npmjs.org/pseudomap/-/pseudomap-1.0.2.tgz#f052a28da70e618917ef0a8ac34c1ae5a68286b3"

qs@6.5.2:
  version "6.5.2"
  resolved "https://registry.npmjs.org/qs/-/qs-6.5.2.tgz#cb3ae806e8740444584ef154ce8ee98d403f3e36"

raw-body@2.3.3:
  version "2.3.3"
  resolved "https://registry.npmjs.org/raw-body/-/raw-body-2.3.3.tgz#1b324ece6b5706e153855bc1148c65bb7f6ea0c3"
  dependencies:
    bytes "3.0.0"
    http-errors "1.6.3"
    iconv-lite "0.4.23"
    unpipe "1.0.0"

readable-stream@1.1.x:
  version "1.1.14"
  resolved "https://registry.npmjs.org/readable-stream/-/readable-stream-1.1.14.tgz#7cf4c54ef648e3813084c636dd2079e166c081d9"
  dependencies:
    core-util-is "~1.0.0"
    inherits "~2.0.1"
    isarray "0.0.1"
    string_decoder "~0.10.x"

regenerator-runtime@^0.12.0:
  version "0.12.0"
  resolved "https://registry.npmjs.org/regenerator-runtime/-/regenerator-runtime-0.12.0.tgz#8052ac952d85b10f3425192cd0c53f45cf65c6cb"

retry@0.10.1:
  version "0.10.1"
  resolved "https://registry.npmjs.org/retry/-/retry-0.10.1.tgz#e76388d217992c252750241d3d3956fed98d8ff4"

"safer-buffer@>= 2.1.2 < 3":
  version "2.1.2"
  resolved "https://registry.npmjs.org/safer-buffer/-/safer-buffer-2.1.2.tgz#44fa161b0187b9549dd84bb91802f9bd8385cd6a"

setprototypeof@1.1.0:
  version "1.1.0"
  resolved "https://registry.npmjs.org/setprototypeof/-/setprototypeof-1.1.0.tgz#d0bd85536887b6fe7c0d818cb962d9d91c54e656"

source-map-support@^0.5.1:
  version "0.5.6"
  resolved "https://registry.npmjs.org/source-map-support/-/source-map-support-0.5.6.tgz#4435cee46b1aab62b8e8610ce60f788091c51c13"
  dependencies:
    buffer-from "^1.0.0"
    source-map "^0.6.0"

source-map@^0.6.0:
  version "0.6.1"
  resolved "https://registry.npmjs.org/source-map/-/source-map-0.6.1.tgz#74722af32e9614e9c287a8d0bbde48b5e2f1a263"

"statuses@>= 1.4.0 < 2":
  version "1.5.0"
  resolved "https://registry.npmjs.org/statuses/-/statuses-1.5.0.tgz#161c7dac177659fd9811f43771fa99381478628c"

streamsearch@0.1.2:
  version "0.1.2"
  resolved "https://registry.npmjs.org/streamsearch/-/streamsearch-0.1.2.tgz#808b9d0e56fc273d809ba57338e929919a1a9f1a"

string_decoder@~0.10.x:
  version "0.10.31"
  resolved "https://registry.npmjs.org/string_decoder/-/string_decoder-0.10.31.tgz#62e203bc41766c6c28c9fc84301dab1c5310fa94"

subscriptions-transport-ws@^0.9.11:
  version "0.9.14"
  resolved "https://registry.npmjs.org/subscriptions-transport-ws/-/subscriptions-transport-ws-0.9.14.tgz#a39e08edba89ee4cfd95f30484c55d865f5d8451"
  dependencies:
    backo2 "^1.0.2"
    eventemitter3 "^3.1.0"
    iterall "^1.2.1"
    symbol-observable "^1.0.4"
    ws "^5.2.0"

symbol-observable@^1.0.4:
  version "1.2.0"
  resolved "https://registry.npmjs.org/symbol-observable/-/symbol-observable-1.2.0.tgz#c22688aed4eab3cdc2dfeacbb561660560a00804"

type-is@^1.6.16, type-is@~1.6.16:
  version "1.6.16"
  resolved "https://registry.npmjs.org/type-is/-/type-is-1.6.16.tgz#f89ce341541c672b25ee7ae3c73dee3b2be50194"
  dependencies:
    media-typer "0.3.0"
    mime-types "~2.1.18"

unpipe@1.0.0:
  version "1.0.0"
  resolved "https://registry.npmjs.org/unpipe/-/unpipe-1.0.0.tgz#b2bf4ee8514aae6165b4817829d21b2ef49904ec"

util.promisify@^1.0.0:
  version "1.0.0"
  resolved "https://registry.npmjs.org/util.promisify/-/util.promisify-1.0.0.tgz#440f7165a459c9a16dc145eb8e72f35687097030"
  dependencies:
    define-properties "^1.1.2"
    object.getownpropertydescriptors "^2.0.3"

uuid@^3.1.0:
  version "3.3.2"
  resolved "https://registry.npmjs.org/uuid/-/uuid-3.3.2.tgz#1b4af4955eb3077c501c23872fc6513811587131"

vary@^1:
  version "1.1.2"
  resolved "https://registry.npmjs.org/vary/-/vary-1.1.2.tgz#2299f02c6ded30d4a5961b0b9f74524a18f634fc"

ws@^5.2.0:
  version "5.2.2"
  resolved "https://registry.npmjs.org/ws/-/ws-5.2.2.tgz#dffef14866b8e8dc9133582514d1befaf96e980f"
  dependencies:
    async-limiter "~1.0.0"

yallist@^2.1.2:
  version "2.1.2"
  resolved "https://registry.npmjs.org/yallist/-/yallist-2.1.2.tgz#1c11f9218f076089a47dd512f93c6699a6a81d52"

zen-observable-ts@^0.8.9:
  version "0.8.9"
  resolved "https://registry.npmjs.org/zen-observable-ts/-/zen-observable-ts-0.8.9.tgz#d3c97af08c0afdca37ebcadf7cc3ee96bda9bab1"
  dependencies:
    zen-observable "^0.8.0"

zen-observable@^0.8.0:
  version "0.8.9"
  resolved "https://registry.npmjs.org/zen-observable/-/zen-observable-0.8.9.tgz#0475c760ff0eda046bbdfa4dc3f95d392807ac53"
